// !$*UTF8*$!
{
	archiveVersion = 1;
	classes = {
	};
	objectVersion = 50;
	objects = {

/* Begin PBXBuildFile section */
		539C49D22565291000364EA4 /* Food2App.swift in Sources */ = {isa = PBXBuildFile; fileRef = 539C49D12565291000364EA4 /* Food2App.swift */; };
		539C49D42565291000364EA4 /* ContentView.swift in Sources */ = {isa = PBXBuildFile; fileRef = 539C49D32565291000364EA4 /* ContentView.swift */; };
		539C49D62565291300364EA4 /* Assets.xcassets in Resources */ = {isa = PBXBuildFile; fileRef = 539C49D52565291300364EA4 /* Assets.xcassets */; };
		539C49D92565291300364EA4 /* Preview Assets.xcassets in Resources */ = {isa = PBXBuildFile; fileRef = 539C49D82565291300364EA4 /* Preview Assets.xcassets */; };
		539C49E62565293900364EA4 /* LoverRow.swift in Sources */ = {isa = PBXBuildFile; fileRef = 539C49E22565293900364EA4 /* LoverRow.swift */; };
		539C49E72565293900364EA4 /* LoverList.swift in Sources */ = {isa = PBXBuildFile; fileRef = 539C49E32565293900364EA4 /* LoverList.swift */; };
		539C49E82565293900364EA4 /* LoverEditor.swift in Sources */ = {isa = PBXBuildFile; fileRef = 539C49E42565293900364EA4 /* LoverEditor.swift */; };
		539C49E92565293900364EA4 /* LoversData.swift in Sources */ = {isa = PBXBuildFile; fileRef = 539C49E52565293900364EA4 /* LoversData.swift */; };
		539C49EC2565294100364EA4 /* Lover.swift in Sources */ = {isa = PBXBuildFile; fileRef = 539C49EB2565294000364EA4 /* Lover.swift */; };
		539C49EF2565352B00364EA4 /* screen2.swift in Sources */ = {isa = PBXBuildFile; fileRef = 539C49EE2565352B00364EA4 /* screen2.swift */; };
		53BA3D0D2574EF3400D6C3B3 /* AppView.swift in Sources */ = {isa = PBXBuildFile; fileRef = 53BA3D0C2574EF3400D6C3B3 /* AppView.swift */; };
		53BA3D142575121900D6C3B3 /* SearchBar.swift in Sources */ = {isa = PBXBuildFile; fileRef = 53BA3D132575121900D6C3B3 /* SearchBar.swift */; };
		55CCFEC925669EBF00D06F5C /* mian1.swift in Sources */ = {isa = PBXBuildFile; fileRef = 55CCFEC825669EBF00D06F5C /* mian1.swift */; };
		55CCFED125669FD900D06F5C /* mian2.swift in Sources */ = {isa = PBXBuildFile; fileRef = 55CCFED025669FD900D06F5C /* mian2.swift */; };
		55CCFED92566A0AB00D06F5C /* mian3.swift in Sources */ = {isa = PBXBuildFile; fileRef = 55CCFED82566A0AB00D06F5C /* mian3.swift */; };
		57E0E6EA257117D000AC11CF /* ChartView.swift in Sources */ = {isa = PBXBuildFile; fileRef = 57E0E6E9257117D000AC11CF /* ChartView.swift */; };
/* End PBXBuildFile section */

/* Begin PBXFileReference section */
		539C49CE2565291000364EA4 /* Food2.app */ = {isa = PBXFileReference; explicitFileType = wrapper.application; includeInIndex = 0; path = Food2.app; sourceTree = BUILT_PRODUCTS_DIR; };
		539C49D12565291000364EA4 /* Food2App.swift */ = {isa = PBXFileReference; lastKnownFileType = sourcecode.swift; path = Food2App.swift; sourceTree = "<group>"; };
		539C49D32565291000364EA4 /* ContentView.swift */ = {isa = PBXFileReference; lastKnownFileType = sourcecode.swift; path = ContentView.swift; sourceTree = "<group>"; };
		539C49D52565291300364EA4 /* Assets.xcassets */ = {isa = PBXFileReference; lastKnownFileType = folder.assetcatalog; path = Assets.xcassets; sourceTree = "<group>"; };
		539C49D82565291300364EA4 /* Preview Assets.xcassets */ = {isa = PBXFileReference; lastKnownFileType = folder.assetcatalog; path = "Preview Assets.xcassets"; sourceTree = "<group>"; };
		539C49DA2565291300364EA4 /* Info.plist */ = {isa = PBXFileReference; lastKnownFileType = text.plist.xml; path = Info.plist; sourceTree = "<group>"; };
		539C49E22565293900364EA4 /* LoverRow.swift */ = {isa = PBXFileReference; fileEncoding = 4; lastKnownFileType = sourcecode.swift; path = LoverRow.swift; sourceTree = "<group>"; };
		539C49E32565293900364EA4 /* LoverList.swift */ = {isa = PBXFileReference; fileEncoding = 4; lastKnownFileType = sourcecode.swift; path = LoverList.swift; sourceTree = "<group>"; };
		539C49E42565293900364EA4 /* LoverEditor.swift */ = {isa = PBXFileReference; fileEncoding = 4; lastKnownFileType = sourcecode.swift; path = LoverEditor.swift; sourceTree = "<group>"; };
		539C49E52565293900364EA4 /* LoversData.swift */ = {isa = PBXFileReference; fileEncoding = 4; lastKnownFileType = sourcecode.swift; path = LoversData.swift; sourceTree = "<group>"; };
		539C49EB2565294000364EA4 /* Lover.swift */ = {isa = PBXFileReference; fileEncoding = 4; lastKnownFileType = sourcecode.swift; path = Lover.swift; sourceTree = "<group>"; };
		539C49EE2565352B00364EA4 /* screen2.swift */ = {isa = PBXFileReference; lastKnownFileType = sourcecode.swift; path = screen2.swift; sourceTree = "<group>"; };
		53BA3D0C2574EF3400D6C3B3 /* AppView.swift */ = {isa = PBXFileReference; lastKnownFileType = sourcecode.swift; path = AppView.swift; sourceTree = "<group>"; };
		53BA3D132575121900D6C3B3 /* SearchBar.swift */ = {isa = PBXFileReference; lastKnownFileType = sourcecode.swift; path = SearchBar.swift; sourceTree = "<group>"; };
		55CCFEC825669EBF00D06F5C /* mian1.swift */ = {isa = PBXFileReference; lastKnownFileType = sourcecode.swift; path = mian1.swift; sourceTree = "<group>"; };
		55CCFED025669FD900D06F5C /* mian2.swift */ = {isa = PBXFileReference; lastKnownFileType = sourcecode.swift; path = mian2.swift; sourceTree = "<group>"; };
		55CCFED82566A0AB00D06F5C /* mian3.swift */ = {isa = PBXFileReference; lastKnownFileType = sourcecode.swift; name = mian3.swift; path = ../mian3.swift; sourceTree = "<group>"; };
		57E0E6E9257117D000AC11CF /* ChartView.swift */ = {isa = PBXFileReference; lastKnownFileType = sourcecode.swift; path = ChartView.swift; sourceTree = "<group>"; };
/* End PBXFileReference section */

/* Begin PBXFrameworksBuildPhase section */
		539C49CB2565291000364EA4 /* Frameworks */ = {
			isa = PBXFrameworksBuildPhase;
			buildActionMask = 2147483647;
			files = (
			);
			runOnlyForDeploymentPostprocessing = 0;
		};
/* End PBXFrameworksBuildPhase section */

/* Begin PBXGroup section */
		539C49C52565291000364EA4 = {
			isa = PBXGroup;
			children = (
				539C49D02565291000364EA4 /* Food2 */,
				539C49CF2565291000364EA4 /* Products */,
			);
			sourceTree = "<group>";
		};
		539C49CF2565291000364EA4 /* Products */ = {
			isa = PBXGroup;
			children = (
				539C49CE2565291000364EA4 /* Food2.app */,
			);
			name = Products;
			sourceTree = "<group>";
		};
		539C49D02565291000364EA4 /* Food2 */ = {
			isa = PBXGroup;
			children = (
				539C49D52565291300364EA4 /* Assets.xcassets */,
				57E0E6E9257117D000AC11CF /* ChartView.swift */,
				539C49EB2565294000364EA4 /* Lover.swift */,
				539C49EE2565352B00364EA4 /* screen2.swift */,
				539C49E42565293900364EA4 /* LoverEditor.swift */,
				53BA3D132575121900D6C3B3 /* SearchBar.swift */,
				539C49E32565293900364EA4 /* LoverList.swift */,
				539C49D32565291000364EA4 /* ContentView.swift */,
				53BA3D0C2574EF3400D6C3B3 /* AppView.swift */,
				55CCFED82566A0AB00D06F5C /* mian3.swift */,
				55CCFED025669FD900D06F5C /* mian2.swift */,
				539C49D12565291000364EA4 /* Food2App.swift */,
				539C49E22565293900364EA4 /* LoverRow.swift */,
				55CCFEC825669EBF00D06F5C /* mian1.swift */,
				539C49E52565293900364EA4 /* LoversData.swift */,
				539C49DA2565291300364EA4 /* Info.plist */,
				539C49D72565291300364EA4 /* Preview Content */,
			);
			path = Food2;
			sourceTree = "<group>";
		};
		539C49D72565291300364EA4 /* Preview Content */ = {
			isa = PBXGroup;
			children = (
				539C49D82565291300364EA4 /* Preview Assets.xcassets */,
			);
			path = "Preview Content";
			sourceTree = "<group>";
		};
/* End PBXGroup section */

/* Begin PBXNativeTarget section */
		539C49CD2565291000364EA4 /* Food2 */ = {
			isa = PBXNativeTarget;
			buildConfigurationList = 539C49DD2565291300364EA4 /* Build configuration list for PBXNativeTarget "Food2" */;
			buildPhases = (
				539C49CA2565291000364EA4 /* Sources */,
				539C49CB2565291000364EA4 /* Frameworks */,
				539C49CC2565291000364EA4 /* Resources */,
			);
			buildRules = (
			);
			dependencies = (
			);
			name = Food2;
			productName = Food2;
			productReference = 539C49CE2565291000364EA4 /* Food2.app */;
			productType = "com.apple.product-type.application";
		};
/* End PBXNativeTarget section */

/* Begin PBXProject section */
		539C49C62565291000364EA4 /* Project object */ = {
			isa = PBXProject;
			attributes = {
				LastSwiftUpdateCheck = 1200;
				LastUpgradeCheck = 1200;
				TargetAttributes = {
					539C49CD2565291000364EA4 = {
						CreatedOnToolsVersion = 12.0;
					};
				};
			};
			buildConfigurationList = 539C49C92565291000364EA4 /* Build configuration list for PBXProject "Food2" */;
			compatibilityVersion = "Xcode 9.3";
			developmentRegion = en;
			hasScannedForEncodings = 0;
			knownRegions = (
				en,
				Base,
			);
			mainGroup = 539C49C52565291000364EA4;
			productRefGroup = 539C49CF2565291000364EA4 /* Products */;
			projectDirPath = "";
			projectRoot = "";
			targets = (
				539C49CD2565291000364EA4 /* Food2 */,
			);
		};
/* End PBXProject section */

/* Begin PBXResourcesBuildPhase section */
		539C49CC2565291000364EA4 /* Resources */ = {
			isa = PBXResourcesBuildPhase;
			buildActionMask = 2147483647;
			files = (
				539C49D92565291300364EA4 /* Preview Assets.xcassets in Resources */,
				539C49D62565291300364EA4 /* Assets.xcassets in Resources */,
			);
			runOnlyForDeploymentPostprocessing = 0;
		};
/* End PBXResourcesBuildPhase section */

/* Begin PBXSourcesBuildPhase section */
		539C49CA2565291000364EA4 /* Sources */ = {
			isa = PBXSourcesBuildPhase;
			buildActionMask = 2147483647;
			files = (
				53BA3D0D2574EF3400D6C3B3 /* AppView.swift in Sources */,
				57E0E6EA257117D000AC11CF /* ChartView.swift in Sources */,
				55CCFEC925669EBF00D06F5C /* mian1.swift in Sources */,
				539C49E62565293900364EA4 /* LoverRow.swift in Sources */,
				539C49D42565291000364EA4 /* ContentView.swift in Sources */,
				539C49EF2565352B00364EA4 /* screen2.swift in Sources */,
				539C49EC2565294100364EA4 /* Lover.swift in Sources */,
				53BA3D142575121900D6C3B3 /* SearchBar.swift in Sources */,
				55CCFED92566A0AB00D06F5C /* mian3.swift in Sources */,
				539C49E82565293900364EA4 /* LoverEditor.swift in Sources */,
				539C49E72565293900364EA4 /* LoverList.swift in Sources */,
				539C49E92565293900364EA4 /* LoversData.swift in Sources */,
				539C49D22565291000364EA4 /* Food2App.swift in Sources */,
				55CCFED125669FD900D06F5C /* mian2.swift in Sources */,
			);
			runOnlyForDeploymentPostprocessing = 0;
		};
/* End PBXSourcesBuildPhase section */

/* Begin XCBuildConfiguration section */
		539C49DB2565291300364EA4 /* Debug */ = {
			isa = XCBuildConfiguration;
			buildSettings = {
				ALWAYS_SEARCH_USER_PATHS = NO;
				CLANG_ANALYZER_NONNULL = YES;
				CLANG_ANALYZER_NUMBER_OBJECT_CONVERSION = YES_AGGRESSIVE;
				CLANG_CXX_LANGUAGE_STANDARD = "gnu++14";
				CLANG_CXX_LIBRARY = "libc++";
				CLANG_ENABLE_MODULES = YES;
				CLANG_ENABLE_OBJC_ARC = YES;
				CLANG_ENABLE_OBJC_WEAK = YES;
				CLANG_WARN_BLOCK_CAPTURE_AUTORELEASING = YES;
				CLANG_WARN_BOOL_CONVERSION = YES;
				CLANG_WARN_COMMA = YES;
				CLANG_WARN_CONSTANT_CONVERSION = YES;
				CLANG_WARN_DEPRECATED_OBJC_IMPLEMENTATIONS = YES;
				CLANG_WARN_DIRECT_OBJC_ISA_USAGE = YES_ERROR;
				CLANG_WARN_DOCUMENTATION_COMMENTS = YES;
				CLANG_WARN_EMPTY_BODY = YES;
				CLANG_WARN_ENUM_CONVERSION = YES;
				CLANG_WARN_INFINITE_RECURSION = YES;
				CLANG_WARN_INT_CONVERSION = YES;
				CLANG_WARN_NON_LITERAL_NULL_CONVERSION = YES;
				CLANG_WARN_OBJC_IMPLICIT_RETAIN_SELF = YES;
				CLANG_WARN_OBJC_LITERAL_CONVERSION = YES;
				CLANG_WARN_OBJC_ROOT_CLASS = YES_ERROR;
				CLANG_WARN_QUOTED_INCLUDE_IN_FRAMEWORK_HEADER = YES;
				CLANG_WARN_RANGE_LOOP_ANALYSIS = YES;
				CLANG_WARN_STRICT_PROTOTYPES = YES;
				CLANG_WARN_SUSPICIOUS_MOVE = YES;
				CLANG_WARN_UNGUARDED_AVAILABILITY = YES_AGGRESSIVE;
				CLANG_WARN_UNREACHABLE_CODE = YES;
				CLANG_WARN__DUPLICATE_METHOD_MATCH = YES;
				COPY_PHASE_STRIP = NO;
				DEBUG_INFORMATION_FORMAT = dwarf;
				ENABLE_STRICT_OBJC_MSGSEND = YES;
				ENABLE_TESTABILITY = YES;
				GCC_C_LANGUAGE_STANDARD = gnu11;
				GCC_DYNAMIC_NO_PIC = NO;
				GCC_NO_COMMON_BLOCKS = YES;
				GCC_OPTIMIZATION_LEVEL = 0;
				GCC_PREPROCESSOR_DEFINITIONS = (
					"DEBUG=1",
					"$(inherited)",
				);
				GCC_WARN_64_TO_32_BIT_CONVERSION = YES;
				GCC_WARN_ABOUT_RETURN_TYPE = YES_ERROR;
				GCC_WARN_UNDECLARED_SELECTOR = YES;
				GCC_WARN_UNINITIALIZED_AUTOS = YES_AGGRESSIVE;
				GCC_WARN_UNUSED_FUNCTION = YES;
				GCC_WARN_UNUSED_VARIABLE = YES;
				IPHONEOS_DEPLOYMENT_TARGET = 14.0;
				MTL_ENABLE_DEBUG_INFO = INCLUDE_SOURCE;
				MTL_FAST_MATH = YES;
				ONLY_ACTIVE_ARCH = YES;
				SDKROOT = iphoneos;
				SWIFT_ACTIVE_COMPILATION_CONDITIONS = DEBUG;
				SWIFT_OPTIMIZATION_LEVEL = "-Onone";
			};
			name = Debug;
		};
		539C49DC2565291300364EA4 /* Release */ = {
			isa = XCBuildConfiguration;
			buildSettings = {
				ALWAYS_SEARCH_USER_PATHS = NO;
				CLANG_ANALYZER_NONNULL = YES;
				CLANG_ANALYZER_NUMBER_OBJECT_CONVERSION = YES_AGGRESSIVE;
				CLANG_CXX_LANGUAGE_STANDARD = "gnu++14";
				CLANG_CXX_LIBRARY = "libc++";
				CLANG_ENABLE_MODULES = YES;
				CLANG_ENABLE_OBJC_ARC = YES;
				CLANG_ENABLE_OBJC_WEAK = YES;
				CLANG_WARN_BLOCK_CAPTURE_AUTORELEASING = YES;
				CLANG_WARN_BOOL_CONVERSION = YES;
				CLANG_WARN_COMMA = YES;
				CLANG_WARN_CONSTANT_CONVERSION = YES;
				CLANG_WARN_DEPRECATED_OBJC_IMPLEMENTATIONS = YES;
				CLANG_WARN_DIRECT_OBJC_ISA_USAGE = YES_ERROR;
				CLANG_WARN_DOCUMENTATION_COMMENTS = YES;
				CLANG_WARN_EMPTY_BODY = YES;
				CLANG_WARN_ENUM_CONVERSION = YES;
				CLANG_WARN_INFINITE_RECURSION = YES;
				CLANG_WARN_INT_CONVERSION = YES;
				CLANG_WARN_NON_LITERAL_NULL_CONVERSION = YES;
				CLANG_WARN_OBJC_IMPLICIT_RETAIN_SELF = YES;
				CLANG_WARN_OBJC_LITERAL_CONVERSION = YES;
				CLANG_WARN_OBJC_ROOT_CLASS = YES_ERROR;
				CLANG_WARN_QUOTED_INCLUDE_IN_FRAMEWORK_HEADER = YES;
				CLANG_WARN_RANGE_LOOP_ANALYSIS = YES;
				CLANG_WARN_STRICT_PROTOTYPES = YES;
				CLANG_WARN_SUSPICIOUS_MOVE = YES;
				CLANG_WARN_UNGUARDED_AVAILABILITY = YES_AGGRESSIVE;
				CLANG_WARN_UNREACHABLE_CODE = YES;
				CLANG_WARN__DUPLICATE_METHOD_MATCH = YES;
				COPY_PHASE_STRIP = NO;
				DEBUG_INFORMATION_FORMAT = "dwarf-with-dsym";
				ENABLE_NS_ASSERTIONS = NO;
				ENABLE_STRICT_OBJC_MSGSEND = YES;
				GCC_C_LANGUAGE_STANDARD = gnu11;
				GCC_NO_COMMON_BLOCKS = YES;
				GCC_WARN_64_TO_32_BIT_CONVERSION = YES;
				GCC_WARN_ABOUT_RETURN_TYPE = YES_ERROR;
				GCC_WARN_UNDECLARED_SELECTOR = YES;
				GCC_WARN_UNINITIALIZED_AUTOS = YES_AGGRESSIVE;
				GCC_WARN_UNUSED_FUNCTION = YES;
				GCC_WARN_UNUSED_VARIABLE = YES;
				IPHONEOS_DEPLOYMENT_TARGET = 14.0;
				MTL_ENABLE_DEBUG_INFO = NO;
				MTL_FAST_MATH = YES;
				SDKROOT = iphoneos;
				SWIFT_COMPILATION_MODE = wholemodule;
				SWIFT_OPTIMIZATION_LEVEL = "-O";
				VALIDATE_PRODUCT = YES;
			};
			name = Release;
		};
		539C49DE2565291300364EA4 /* Debug */ = {
			isa = XCBuildConfiguration;
			buildSettings = {
				ASSETCATALOG_COMPILER_APPICON_NAME = AppIcon;
				ASSETCATALOG_COMPILER_GLOBAL_ACCENT_COLOR_NAME = AccentColor;
				CODE_SIGN_STYLE = Automatic;
				DEVELOPMENT_ASSET_PATHS = "\"Food2/Preview Content\"";
				ENABLE_PREVIEWS = YES;
				INFOPLIST_FILE = Food2/Info.plist;
				IPHONEOS_DEPLOYMENT_TARGET = 14.0;
				LD_RUNPATH_SEARCH_PATHS = (
					"$(inherited)",
					"@executable_path/Frameworks",
				);
				PRODUCT_BUNDLE_IDENTIFIER = ss.com.Food2;
				PRODUCT_NAME = "$(TARGET_NAME)";
				SWIFT_VERSION = 5.0;
				TARGETED_DEVICE_FAMILY = "1,2";
			};
			name = Debug;
		};
		539C49DF2565291300364EA4 /* Release */ = {
			isa = XCBuildConfiguration;
			buildSettings = {
				ASSETCATALOG_COMPILER_APPICON_NAME = AppIcon;
				ASSETCATALOG_COMPILER_GLOBAL_ACCENT_COLOR_NAME = AccentColor;
				CODE_SIGN_STYLE = Automatic;
				DEVELOPMENT_ASSET_PATHS = "\"Food2/Preview Content\"";
				ENABLE_PREVIEWS = YES;
				INFOPLIST_FILE = Food2/Info.plist;
				IPHONEOS_DEPLOYMENT_TARGET = 14.0;
				LD_RUNPATH_SEARCH_PATHS = (
					"$(inherited)",
					"@executable_path/Frameworks",
				);
				PRODUCT_BUNDLE_IDENTIFIER = ss.com.Food2;
				PRODUCT_NAME = "$(TARGET_NAME)";
				SWIFT_VERSION = 5.0;
				TARGETED_DEVICE_FAMILY = "1,2";
			};
			name = Release;
		};
/* End XCBuildConfiguration section */

/* Begin XCConfigurationList section */
		539C49C92565291000364EA4 /* Build configuration list for PBXProject "Food2" */ = {
			isa = XCConfigurationList;
			buildConfigurations = (
				539C49DB2565291300364EA4 /* Debug */,
				539C49DC2565291300364EA4 /* Release */,
			);
			defaultConfigurationIsVisible = 0;
			defaultConfigurationName = Release;
		};
		539C49DD2565291300364EA4 /* Build configuration list for PBXNativeTarget "Food2" */ = {
			isa = XCConfigurationList;
			buildConfigurations = (
				539C49DE2565291300364EA4 /* Debug */,
				539C49DF2565291300364EA4 /* Release */,
			);
			defaultConfigurationIsVisible = 0;
			defaultConfigurationName = Release;
		};
/* End XCConfigurationList section */
	};
	rootObject = 539C49C62565291000364EA4 /* Project object */;
}
